{
  "name": "personal-ai-seller-hub",
  "version": "0.1.0",
  "lockfileVersion": 3,
  "requires": true,
  "packages": {"":{"name":"personal-ai-seller-hub","version":"0.1.0","dependencies":{"@vitejs/plugin-react":"latest","react":"latest","react-dom":"latest","recharts":"latest","typescript":"latest","vite":"latest"}}}
}
